
Microsoft Visual Studio Solution File, Format Version 12.00
# Visual Studio Version 17
VisualStudioVersion = 17.9.34728.123
MinimumVisualStudioVersion = 10.0.40219.1
Project("{FAE04EC0-301F-11D3-BF4B-00C04F79EFBC}") = "S12345678_Qn04", "S12345678_Qn04.csproj", "{38EF9DF3-2F80-4C3E-AAD1-AD5810708254}"
EndProject
Global
	GlobalSection(SolutionConfigurationPlatforms) = preSolution
		Debug|Any CPU = Debug|Any CPU
		Release|Any CPU = Release|Any CPU
	EndGlobalSection
	GlobalSection(ProjectConfigurationPlatforms) = postSolution
		{38EF9DF3-2F80-4C3E-AAD1-AD5810708254}.Debug|Any CPU.ActiveCfg = Debug|Any CPU
		{38EF9DF3-2F80-4C3E-AAD1-AD5810708254}.Debug|Any CPU.Build.0 = Debug|Any CPU
		{38EF9DF3-2F80-4C3E-AAD1-AD5810708254}.Release|Any CPU.ActiveCfg = Release|Any CPU
		{38EF9DF3-2F80-4C3E-AAD1-AD5810708254}.Release|Any CPU.Build.0 = Release|Any CPU
	EndGlobalSection
	GlobalSection(SolutionProperties) = preSolution
		HideSolutionNode = FALSE
	EndGlobalSection
	GlobalSection(ExtensibilityGlobals) = postSolution
		SolutionGuid = {ECDF3030-E4AE-4A7E-A9BD-07BE4CD1AE56}
	EndGlobalSection
EndGlobal
