
Microsoft Visual Studio Solution File, Format Version 12.00
# Visual Studio Version 17
VisualStudioVersion = 17.9.34728.123
MinimumVisualStudioVersion = 10.0.40219.1
Project("{FAE04EC0-301F-11D3-BF4B-00C04F79EFBC}") = "S12345678_Qn02", "S12345678_Qn02.csproj", "{49495A02-56BC-48A8-B277-907BCEC25FCF}"
EndProject
Global
	GlobalSection(SolutionConfigurationPlatforms) = preSolution
		Debug|Any CPU = Debug|Any CPU
		Release|Any CPU = Release|Any CPU
	EndGlobalSection
	GlobalSection(ProjectConfigurationPlatforms) = postSolution
		{49495A02-56BC-48A8-B277-907BCEC25FCF}.Debug|Any CPU.ActiveCfg = Debug|Any CPU
		{49495A02-56BC-48A8-B277-907BCEC25FCF}.Debug|Any CPU.Build.0 = Debug|Any CPU
		{49495A02-56BC-48A8-B277-907BCEC25FCF}.Release|Any CPU.ActiveCfg = Release|Any CPU
		{49495A02-56BC-48A8-B277-907BCEC25FCF}.Release|Any CPU.Build.0 = Release|Any CPU
	EndGlobalSection
	GlobalSection(SolutionProperties) = preSolution
		HideSolutionNode = FALSE
	EndGlobalSection
	GlobalSection(ExtensibilityGlobals) = postSolution
		SolutionGuid = {0055A56B-0690-4305-B6A3-30CBE5E1C976}
	EndGlobalSection
EndGlobal
