
Microsoft Visual Studio Solution File, Format Version 12.00
# Visual Studio Version 17
VisualStudioVersion = 17.11.35327.3
MinimumVisualStudioVersion = 10.0.40219.1
Project("{FAE04EC0-301F-11D3-BF4B-00C04F79EFBC}") = "S12345678_Qn01", "S12345678_Qn01\S12345678_Qn01.csproj", "{985E41E9-9E23-44CC-B936-BC80160CCFC9}"
EndProject
Global
	GlobalSection(SolutionConfigurationPlatforms) = preSolution
		Debug|Any CPU = Debug|Any CPU
		Release|Any CPU = Release|Any CPU
	EndGlobalSection
	GlobalSection(ProjectConfigurationPlatforms) = postSolution
		{985E41E9-9E23-44CC-B936-BC80160CCFC9}.Debug|Any CPU.ActiveCfg = Debug|Any CPU
		{985E41E9-9E23-44CC-B936-BC80160CCFC9}.Debug|Any CPU.Build.0 = Debug|Any CPU
		{985E41E9-9E23-44CC-B936-BC80160CCFC9}.Release|Any CPU.ActiveCfg = Release|Any CPU
		{985E41E9-9E23-44CC-B936-BC80160CCFC9}.Release|Any CPU.Build.0 = Release|Any CPU
	EndGlobalSection
	GlobalSection(SolutionProperties) = preSolution
		HideSolutionNode = FALSE
	EndGlobalSection
	GlobalSection(ExtensibilityGlobals) = postSolution
		SolutionGuid = {E02F1430-8DF7-424F-8F4F-CC4B7FB29A9A}
	EndGlobalSection
EndGlobal
